
Microsoft Visual Studio Solution File, Format Version 12.00
# Visual Studio Version 17
VisualStudioVersion = 17.1.32421.90
MinimumVisualStudioVersion = 10.0.40219.1
Project("{FAE04EC0-301F-11D3-BF4B-00C04F79EFBC}") = "Sparkfish", "Sparkfish\Sparkfish.csproj", "{BF81C839-D348-49CA-914B-EFD6CC2087D5}"
EndProject
Project("{FAE04EC0-301F-11D3-BF4B-00C04F79EFBC}") = "Sparkfish.Tests", "Sparkfish.Tests\Sparkfish.Tests.csproj", "{367AA7C8-0D96-46E3-9864-7F11CA28956A}"
EndProject
Global
	GlobalSection(SolutionConfigurationPlatforms) = preSolution
		Debug|Any CPU = Debug|Any CPU
		Release|Any CPU = Release|Any CPU
	EndGlobalSection
	GlobalSection(ProjectConfigurationPlatforms) = postSolution
		{BF81C839-D348-49CA-914B-EFD6CC2087D5}.Debug|Any CPU.ActiveCfg = Debug|Any CPU
		{BF81C839-D348-49CA-914B-EFD6CC2087D5}.Debug|Any CPU.Build.0 = Debug|Any CPU
		{BF81C839-D348-49CA-914B-EFD6CC2087D5}.Release|Any CPU.ActiveCfg = Release|Any CPU
		{BF81C839-D348-49CA-914B-EFD6CC2087D5}.Release|Any CPU.Build.0 = Release|Any CPU
		{367AA7C8-0D96-46E3-9864-7F11CA28956A}.Debug|Any CPU.ActiveCfg = Debug|Any CPU
		{367AA7C8-0D96-46E3-9864-7F11CA28956A}.Debug|Any CPU.Build.0 = Debug|Any CPU
		{367AA7C8-0D96-46E3-9864-7F11CA28956A}.Release|Any CPU.ActiveCfg = Release|Any CPU
		{367AA7C8-0D96-46E3-9864-7F11CA28956A}.Release|Any CPU.Build.0 = Release|Any CPU
	EndGlobalSection
	GlobalSection(SolutionProperties) = preSolution
		HideSolutionNode = FALSE
	EndGlobalSection
	GlobalSection(ExtensibilityGlobals) = postSolution
		SolutionGuid = {44BEEAF2-3B45-490D-83D5-2B007A2E5AAB}
	EndGlobalSection
EndGlobal
